# THIS IS AN AUTOGENERATED FILE. DO NOT EDIT THIS FILE DIRECTLY.
# yarn lockfile v1


"@nmipayments/nmi-core@^1.0.2":
  version "1.0.2"
  resolved "https://registry.yarnpkg.com/@nmipayments/nmi-core/-/nmi-core-1.0.2.tgz#0f81fe079acbd7f158e59e45564d81f4f8daeaa7"
  integrity sha512-pPFWfE/7NlfwQezI9j/DyLN5BgGCcaF+enNv7uurZ5u/JQmemKDfMkgp+WVHeDQ1SJK2P9ZN8ePR8jT7Lh58jA==

"@nmipayments/nmi-pay@^1.0.2":
  version "1.0.2"
  resolved "https://registry.yarnpkg.com/@nmipayments/nmi-pay/-/nmi-pay-1.0.2.tgz#8a85d678d98ac8e9486fede8d00f245a64ad196b"
  integrity sha512-TsDW7egImdCTNmVLJNnQrh0KeYMfjQnUB4Et+volCbsiJPcW38ZWfpuCHqHEWWglsdZu2mO3fl6IK6LNV6+BQg==
  dependencies:
    "@nmipayments/nmi-core" "^1.0.2"
